// !$*UTF8*$!
{
	archiveVersion = 1;
	classes = {
	};
	objectVersion = 56;
	objects = {

/* Begin PBXBuildFile section */
		0434F3FB2C16C50D0079438F /* Alamofire in Frameworks */ = {isa = PBXBuildFile; productRef = 0434F3FA2C16C50D0079438F /* Alamofire */; };
		0434F3FD2C16C5230079438F /* .gitignore in Resources */ = {isa = PBXBuildFile; fileRef = 0434F3FC2C16C5230079438F /* .gitignore */; };
		0434F4012C16C56A0079438F /* APIKey.swift in Sources */ = {isa = PBXBuildFile; fileRef = 0434F4002C16C56A0079438F /* APIKey.swift */; };
		0434F4032C16C87E0079438F /* TrendingViewController.swift in Sources */ = {isa = PBXBuildFile; fileRef = 0434F4022C16C87E0079438F /* TrendingViewController.swift */; };
		0434F4052C16D1800079438F /* TMDB.swift in Sources */ = {isa = PBXBuildFile; fileRef = 0434F4042C16D1800079438F /* TMDB.swift */; };
		0434F4072C16D56E0079438F /* TrendingTableViewCell.swift in Sources */ = {isa = PBXBuildFile; fileRef = 0434F4062C16D56E0079438F /* TrendingTableViewCell.swift */; };
		0434F4092C16D59A0079438F /* IdProtocol+Extension.swift in Sources */ = {isa = PBXBuildFile; fileRef = 0434F4082C16D59A0079438F /* IdProtocol+Extension.swift */; };
		0434F40C2C1700150079438F /* Kingfisher in Frameworks */ = {isa = PBXBuildFile; productRef = 0434F40B2C1700150079438F /* Kingfisher */; };
		0464675E2C18402000FCCFF0 /* SearchMovieViewController.swift in Sources */ = {isa = PBXBuildFile; fileRef = 0464675D2C18402000FCCFF0 /* SearchMovieViewController.swift */; };
		046467642C18445C00FCCFF0 /* SearchMovieCollectionViewCell.swift in Sources */ = {isa = PBXBuildFile; fileRef = 046467632C18445C00FCCFF0 /* SearchMovieCollectionViewCell.swift */; };
		04C40C922C28490100052A82 /* TrendingDetailOfCreditTableViewCell.swift in Sources */ = {isa = PBXBuildFile; fileRef = 04C40C912C28490100052A82 /* TrendingDetailOfCreditTableViewCell.swift */; };
		04DEC2512C196BD500AAD523 /* CustomViews.swift in Sources */ = {isa = PBXBuildFile; fileRef = 04DEC2502C196BD500AAD523 /* CustomViews.swift */; };
		04DEC2532C196CA600AAD523 /* Enums.swift in Sources */ = {isa = PBXBuildFile; fileRef = 04DEC2522C196CA600AAD523 /* Enums.swift */; };
		04DEC2552C197A1A00AAD523 /* TrendingDetailViewController.swift in Sources */ = {isa = PBXBuildFile; fileRef = 04DEC2542C197A1A00AAD523 /* TrendingDetailViewController.swift */; };
		04DEC2592C198FE500AAD523 /* TrendingDetailOfOverViewTableViewCell.swift in Sources */ = {isa = PBXBuildFile; fileRef = 04DEC2582C198FE500AAD523 /* TrendingDetailOfOverViewTableViewCell.swift */; };
		04FCEF5A2C0EF71C00FB09B1 /* AppDelegate.swift in Sources */ = {isa = PBXBuildFile; fileRef = 04FCEF592C0EF71C00FB09B1 /* AppDelegate.swift */; };
		04FCEF5C2C0EF71C00FB09B1 /* SceneDelegate.swift in Sources */ = {isa = PBXBuildFile; fileRef = 04FCEF5B2C0EF71C00FB09B1 /* SceneDelegate.swift */; };
		04FCEF5E2C0EF71C00FB09B1 /* ViewController.swift in Sources */ = {isa = PBXBuildFile; fileRef = 04FCEF5D2C0EF71C00FB09B1 /* ViewController.swift */; };
		04FCEF612C0EF71C00FB09B1 /* Base in Resources */ = {isa = PBXBuildFile; fileRef = 04FCEF602C0EF71C00FB09B1 /* Base */; };
		04FCEF632C0EF71E00FB09B1 /* Assets.xcassets in Resources */ = {isa = PBXBuildFile; fileRef = 04FCEF622C0EF71E00FB09B1 /* Assets.xcassets */; };
		04FCEF662C0EF71E00FB09B1 /* Base in Resources */ = {isa = PBXBuildFile; fileRef = 04FCEF652C0EF71E00FB09B1 /* Base */; };
		04FCEF6F2C0EF7B500FB09B1 /* SnapKit in Frameworks */ = {isa = PBXBuildFile; productRef = 04FCEF6E2C0EF7B500FB09B1 /* SnapKit */; };
		04FCEF712C0F0C6D00FB09B1 /* HomeViewController.swift in Sources */ = {isa = PBXBuildFile; fileRef = 04FCEF702C0F0C6D00FB09B1 /* HomeViewController.swift */; };
/* End PBXBuildFile section */

/* Begin PBXFileReference section */
		0434F3FC2C16C5230079438F /* .gitignore */ = {isa = PBXFileReference; lastKnownFileType = text; path = .gitignore; sourceTree = "<group>"; };
		0434F4002C16C56A0079438F /* APIKey.swift */ = {isa = PBXFileReference; lastKnownFileType = sourcecode.swift; path = APIKey.swift; sourceTree = "<group>"; };
		0434F4022C16C87E0079438F /* TrendingViewController.swift */ = {isa = PBXFileReference; lastKnownFileType = sourcecode.swift; path = TrendingViewController.swift; sourceTree = "<group>"; };
		0434F4042C16D1800079438F /* TMDB.swift */ = {isa = PBXFileReference; lastKnownFileType = sourcecode.swift; path = TMDB.swift; sourceTree = "<group>"; };
		0434F4062C16D56E0079438F /* TrendingTableViewCell.swift */ = {isa = PBXFileReference; lastKnownFileType = sourcecode.swift; path = TrendingTableViewCell.swift; sourceTree = "<group>"; };
		0434F4082C16D59A0079438F /* IdProtocol+Extension.swift */ = {isa = PBXFileReference; lastKnownFileType = sourcecode.swift; path = "IdProtocol+Extension.swift"; sourceTree = "<group>"; };
		0464675D2C18402000FCCFF0 /* SearchMovieViewController.swift */ = {isa = PBXFileReference; lastKnownFileType = sourcecode.swift; path = SearchMovieViewController.swift; sourceTree = "<group>"; };
		046467632C18445C00FCCFF0 /* SearchMovieCollectionViewCell.swift */ = {isa = PBXFileReference; lastKnownFileType = sourcecode.swift; path = SearchMovieCollectionViewCell.swift; sourceTree = "<group>"; };
		04C40C912C28490100052A82 /* TrendingDetailOfCreditTableViewCell.swift */ = {isa = PBXFileReference; fileEncoding = 4; lastKnownFileType = sourcecode.swift; path = TrendingDetailOfCreditTableViewCell.swift; sourceTree = "<group>"; };
		04DEC2502C196BD500AAD523 /* CustomViews.swift */ = {isa = PBXFileReference; lastKnownFileType = sourcecode.swift; path = CustomViews.swift; sourceTree = "<group>"; };
		04DEC2522C196CA600AAD523 /* Enums.swift */ = {isa = PBXFileReference; lastKnownFileType = sourcecode.swift; path = Enums.swift; sourceTree = "<group>"; };
		04DEC2542C197A1A00AAD523 /* TrendingDetailViewController.swift */ = {isa = PBXFileReference; lastKnownFileType = sourcecode.swift; path = TrendingDetailViewController.swift; sourceTree = "<group>"; };
		04DEC2582C198FE500AAD523 /* TrendingDetailOfOverViewTableViewCell.swift */ = {isa = PBXFileReference; lastKnownFileType = sourcecode.swift; path = TrendingDetailOfOverViewTableViewCell.swift; sourceTree = "<group>"; };
		04FCEF562C0EF71C00FB09B1 /* MoiveGram.app */ = {isa = PBXFileReference; explicitFileType = wrapper.application; includeInIndex = 0; path = MoiveGram.app; sourceTree = BUILT_PRODUCTS_DIR; };
		04FCEF592C0EF71C00FB09B1 /* AppDelegate.swift */ = {isa = PBXFileReference; lastKnownFileType = sourcecode.swift; path = AppDelegate.swift; sourceTree = "<group>"; };
		04FCEF5B2C0EF71C00FB09B1 /* SceneDelegate.swift */ = {isa = PBXFileReference; lastKnownFileType = sourcecode.swift; path = SceneDelegate.swift; sourceTree = "<group>"; };
		04FCEF5D2C0EF71C00FB09B1 /* ViewController.swift */ = {isa = PBXFileReference; lastKnownFileType = sourcecode.swift; path = ViewController.swift; sourceTree = "<group>"; };
		04FCEF602C0EF71C00FB09B1 /* Base */ = {isa = PBXFileReference; lastKnownFileType = file.storyboard; name = Base; path = Base.lproj/Main.storyboard; sourceTree = "<group>"; };
		04FCEF622C0EF71E00FB09B1 /* Assets.xcassets */ = {isa = PBXFileReference; lastKnownFileType = folder.assetcatalog; path = Assets.xcassets; sourceTree = "<group>"; };
		04FCEF652C0EF71E00FB09B1 /* Base */ = {isa = PBXFileReference; lastKnownFileType = file.storyboard; name = Base; path = Base.lproj/LaunchScreen.storyboard; sourceTree = "<group>"; };
		04FCEF672C0EF71E00FB09B1 /* Info.plist */ = {isa = PBXFileReference; lastKnownFileType = text.plist.xml; path = Info.plist; sourceTree = "<group>"; };
		04FCEF702C0F0C6D00FB09B1 /* HomeViewController.swift */ = {isa = PBXFileReference; lastKnownFileType = sourcecode.swift; path = HomeViewController.swift; sourceTree = "<group>"; };
/* End PBXFileReference section */

/* Begin PBXFrameworksBuildPhase section */
		04FCEF532C0EF71C00FB09B1 /* Frameworks */ = {
			isa = PBXFrameworksBuildPhase;
			buildActionMask = 2147483647;
			files = (
				0434F40C2C1700150079438F /* Kingfisher in Frameworks */,
				04FCEF6F2C0EF7B500FB09B1 /* SnapKit in Frameworks */,
				0434F3FB2C16C50D0079438F /* Alamofire in Frameworks */,
			);
			runOnlyForDeploymentPostprocessing = 0;
		};
/* End PBXFrameworksBuildPhase section */

/* Begin PBXGroup section */
		046467602C18404300FCCFF0 /* Trending */ = {
			isa = PBXGroup;
			children = (
				0434F4022C16C87E0079438F /* TrendingViewController.swift */,
				0434F4062C16D56E0079438F /* TrendingTableViewCell.swift */,
				04DEC2542C197A1A00AAD523 /* TrendingDetailViewController.swift */,
				04DEC2582C198FE500AAD523 /* TrendingDetailOfOverViewTableViewCell.swift */,
				04C40C912C28490100052A82 /* TrendingDetailOfCreditTableViewCell.swift */,
			);
			path = Trending;
			sourceTree = "<group>";
		};
		046467612C18404F00FCCFF0 /* Search */ = {
			isa = PBXGroup;
			children = (
				0464675D2C18402000FCCFF0 /* SearchMovieViewController.swift */,
				046467632C18445C00FCCFF0 /* SearchMovieCollectionViewCell.swift */,
			);
			path = Search;
			sourceTree = "<group>";
		};
		046467622C18406D00FCCFF0 /* Home */ = {
			isa = PBXGroup;
			children = (
				04FCEF5D2C0EF71C00FB09B1 /* ViewController.swift */,
				04FCEF702C0F0C6D00FB09B1 /* HomeViewController.swift */,
			);
			path = Home;
			sourceTree = "<group>";
		};
		04FCEF4D2C0EF71C00FB09B1 = {
			isa = PBXGroup;
			children = (
				0434F3FC2C16C5230079438F /* .gitignore */,
				04FCEF582C0EF71C00FB09B1 /* MoiveGram */,
				04FCEF572C0EF71C00FB09B1 /* Products */,
			);
			sourceTree = "<group>";
		};
		04FCEF572C0EF71C00FB09B1 /* Products */ = {
			isa = PBXGroup;
			children = (
				04FCEF562C0EF71C00FB09B1 /* MoiveGram.app */,
			);
			name = Products;
			sourceTree = "<group>";
		};
		04FCEF582C0EF71C00FB09B1 /* MoiveGram */ = {
			isa = PBXGroup;
			children = (
				04FCEF592C0EF71C00FB09B1 /* AppDelegate.swift */,
				04FCEF5B2C0EF71C00FB09B1 /* SceneDelegate.swift */,
				04DEC2502C196BD500AAD523 /* CustomViews.swift */,
				04DEC2522C196CA600AAD523 /* Enums.swift */,
				046467622C18406D00FCCFF0 /* Home */,
				046467602C18404300FCCFF0 /* Trending */,
				046467612C18404F00FCCFF0 /* Search */,
				04FCEF5F2C0EF71C00FB09B1 /* Main.storyboard */,
				04FCEF622C0EF71E00FB09B1 /* Assets.xcassets */,
				04FCEF642C0EF71E00FB09B1 /* LaunchScreen.storyboard */,
				04FCEF672C0EF71E00FB09B1 /* Info.plist */,
				0434F4042C16D1800079438F /* TMDB.swift */,
				0434F4082C16D59A0079438F /* IdProtocol+Extension.swift */,
				0434F4002C16C56A0079438F /* APIKey.swift */,
			);
			path = MoiveGram;
			sourceTree = "<group>";
		};
/* End PBXGroup section */

/* Begin PBXNativeTarget section */
		04FCEF552C0EF71C00FB09B1 /* MoiveGram */ = {
			isa = PBXNativeTarget;
			buildConfigurationList = 04FCEF6A2C0EF71E00FB09B1 /* Build configuration list for PBXNativeTarget "MoiveGram" */;
			buildPhases = (
				04FCEF522C0EF71C00FB09B1 /* Sources */,
				04FCEF532C0EF71C00FB09B1 /* Frameworks */,
				04FCEF542C0EF71C00FB09B1 /* Resources */,
			);
			buildRules = (
			);
			dependencies = (
			);
			name = MoiveGram;
			packageProductDependencies = (
				04FCEF6E2C0EF7B500FB09B1 /* SnapKit */,
				0434F3FA2C16C50D0079438F /* Alamofire */,
				0434F40B2C1700150079438F /* Kingfisher */,
			);
			productName = MoiveGram;
			productReference = 04FCEF562C0EF71C00FB09B1 /* MoiveGram.app */;
			productType = "com.apple.product-type.application";
		};
/* End PBXNativeTarget section */

/* Begin PBXProject section */
		04FCEF4E2C0EF71C00FB09B1 /* Project object */ = {
			isa = PBXProject;
			attributes = {
				BuildIndependentTargetsInParallel = 1;
				LastSwiftUpdateCheck = 1540;
				LastUpgradeCheck = 1540;
				TargetAttributes = {
					04FCEF552C0EF71C00FB09B1 = {
						CreatedOnToolsVersion = 15.4;
					};
				};
			};
			buildConfigurationList = 04FCEF512C0EF71C00FB09B1 /* Build configuration list for PBXProject "MoiveGram" */;
			compatibilityVersion = "Xcode 14.0";
			developmentRegion = en;
			hasScannedForEncodings = 0;
			knownRegions = (
				en,
				Base,
			);
			mainGroup = 04FCEF4D2C0EF71C00FB09B1;
			packageReferences = (
				04FCEF6D2C0EF7B500FB09B1 /* XCRemoteSwiftPackageReference "SnapKit" */,
				0434F3F92C16C50D0079438F /* XCRemoteSwiftPackageReference "Alamofire" */,
				0434F40A2C1700150079438F /* XCRemoteSwiftPackageReference "Kingfisher" */,
			);
			productRefGroup = 04FCEF572C0EF71C00FB09B1 /* Products */;
			projectDirPath = "";
			projectRoot = "";
			targets = (
				04FCEF552C0EF71C00FB09B1 /* MoiveGram */,
			);
		};
/* End PBXProject section */

/* Begin PBXResourcesBuildPhase section */
		04FCEF542C0EF71C00FB09B1 /* Resources */ = {
			isa = PBXResourcesBuildPhase;
			buildActionMask = 2147483647;
			files = (
				0434F3FD2C16C5230079438F /* .gitignore in Resources */,
				04FCEF632C0EF71E00FB09B1 /* Assets.xcassets in Resources */,
				04FCEF662C0EF71E00FB09B1 /* Base in Resources */,
				04FCEF612C0EF71C00FB09B1 /* Base in Resources */,
			);
			runOnlyForDeploymentPostprocessing = 0;
		};
/* End PBXResourcesBuildPhase section */

/* Begin PBXSourcesBuildPhase section */
		04FCEF522C0EF71C00FB09B1 /* Sources */ = {
			isa = PBXSourcesBuildPhase;
			buildActionMask = 2147483647;
			files = (
				04FCEF5E2C0EF71C00FB09B1 /* ViewController.swift in Sources */,
				04FCEF5A2C0EF71C00FB09B1 /* AppDelegate.swift in Sources */,
				04FCEF5C2C0EF71C00FB09B1 /* SceneDelegate.swift in Sources */,
				04DEC2592C198FE500AAD523 /* TrendingDetailOfOverViewTableViewCell.swift in Sources */,
				04FCEF712C0F0C6D00FB09B1 /* HomeViewController.swift in Sources */,
				04C40C922C28490100052A82 /* TrendingDetailOfCreditTableViewCell.swift in Sources */,
				0434F4072C16D56E0079438F /* TrendingTableViewCell.swift in Sources */,
				0434F4052C16D1800079438F /* TMDB.swift in Sources */,
				04DEC2552C197A1A00AAD523 /* TrendingDetailViewController.swift in Sources */,
				0434F4092C16D59A0079438F /* IdProtocol+Extension.swift in Sources */,
				04DEC2532C196CA600AAD523 /* Enums.swift in Sources */,
				0434F4012C16C56A0079438F /* APIKey.swift in Sources */,
				0434F4032C16C87E0079438F /* TrendingViewController.swift in Sources */,
				04DEC2512C196BD500AAD523 /* CustomViews.swift in Sources */,
				046467642C18445C00FCCFF0 /* SearchMovieCollectionViewCell.swift in Sources */,
				0464675E2C18402000FCCFF0 /* SearchMovieViewController.swift in Sources */,
			);
			runOnlyForDeploymentPostprocessing = 0;
		};
/* End PBXSourcesBuildPhase section */

/* Begin PBXVariantGroup section */
		04FCEF5F2C0EF71C00FB09B1 /* Main.storyboard */ = {
			isa = PBXVariantGroup;
			children = (
				04FCEF602C0EF71C00FB09B1 /* Base */,
			);
			name = Main.storyboard;
			sourceTree = "<group>";
		};
		04FCEF642C0EF71E00FB09B1 /* LaunchScreen.storyboard */ = {
			isa = PBXVariantGroup;
			children = (
				04FCEF652C0EF71E00FB09B1 /* Base */,
			);
			name = LaunchScreen.storyboard;
			sourceTree = "<group>";
		};
/* End PBXVariantGroup section */

/* Begin XCBuildConfiguration section */
		04FCEF682C0EF71E00FB09B1 /* Debug */ = {
			isa = XCBuildConfiguration;
			buildSettings = {
				ALWAYS_SEARCH_USER_PATHS = NO;
				ASSETCATALOG_COMPILER_GENERATE_SWIFT_ASSET_SYMBOL_EXTENSIONS = YES;
				CLANG_ANALYZER_NONNULL = YES;
				CLANG_ANALYZER_NUMBER_OBJECT_CONVERSION = YES_AGGRESSIVE;
				CLANG_CXX_LANGUAGE_STANDARD = "gnu++20";
				CLANG_ENABLE_MODULES = YES;
				CLANG_ENABLE_OBJC_ARC = YES;
				CLANG_ENABLE_OBJC_WEAK = YES;
				CLANG_WARN_BLOCK_CAPTURE_AUTORELEASING = YES;
				CLANG_WARN_BOOL_CONVERSION = YES;
				CLANG_WARN_COMMA = YES;
				CLANG_WARN_CONSTANT_CONVERSION = YES;
				CLANG_WARN_DEPRECATED_OBJC_IMPLEMENTATIONS = YES;
				CLANG_WARN_DIRECT_OBJC_ISA_USAGE = YES_ERROR;
				CLANG_WARN_DOCUMENTATION_COMMENTS = YES;
				CLANG_WARN_EMPTY_BODY = YES;
				CLANG_WARN_ENUM_CONVERSION = YES;
				CLANG_WARN_INFINITE_RECURSION = YES;
				CLANG_WARN_INT_CONVERSION = YES;
				CLANG_WARN_NON_LITERAL_NULL_CONVERSION = YES;
				CLANG_WARN_OBJC_IMPLICIT_RETAIN_SELF = YES;
				CLANG_WARN_OBJC_LITERAL_CONVERSION = YES;
				CLANG_WARN_OBJC_ROOT_CLASS = YES_ERROR;
				CLANG_WARN_QUOTED_INCLUDE_IN_FRAMEWORK_HEADER = YES;
				CLANG_WARN_RANGE_LOOP_ANALYSIS = YES;
				CLANG_WARN_STRICT_PROTOTYPES = YES;
				CLANG_WARN_SUSPICIOUS_MOVE = YES;
				CLANG_WARN_UNGUARDED_AVAILABILITY = YES_AGGRESSIVE;
				CLANG_WARN_UNREACHABLE_CODE = YES;
				CLANG_WARN__DUPLICATE_METHOD_MATCH = YES;
				COPY_PHASE_STRIP = NO;
				DEBUG_INFORMATION_FORMAT = dwarf;
				ENABLE_STRICT_OBJC_MSGSEND = YES;
				ENABLE_TESTABILITY = YES;
				ENABLE_USER_SCRIPT_SANDBOXING = YES;
				GCC_C_LANGUAGE_STANDARD = gnu17;
				GCC_DYNAMIC_NO_PIC = NO;
				GCC_NO_COMMON_BLOCKS = YES;
				GCC_OPTIMIZATION_LEVEL = 0;
				GCC_PREPROCESSOR_DEFINITIONS = (
					"DEBUG=1",
					"$(inherited)",
				);
				GCC_WARN_64_TO_32_BIT_CONVERSION = YES;
				GCC_WARN_ABOUT_RETURN_TYPE = YES_ERROR;
				GCC_WARN_UNDECLARED_SELECTOR = YES;
				GCC_WARN_UNINITIALIZED_AUTOS = YES_AGGRESSIVE;
				GCC_WARN_UNUSED_FUNCTION = YES;
				GCC_WARN_UNUSED_VARIABLE = YES;
				IPHONEOS_DEPLOYMENT_TARGET = 17.5;
				LOCALIZATION_PREFERS_STRING_CATALOGS = YES;
				MTL_ENABLE_DEBUG_INFO = INCLUDE_SOURCE;
				MTL_FAST_MATH = YES;
				ONLY_ACTIVE_ARCH = YES;
				SDKROOT = iphoneos;
				SWIFT_ACTIVE_COMPILATION_CONDITIONS = "DEBUG $(inherited)";
				SWIFT_OPTIMIZATION_LEVEL = "-Onone";
			};
			name = Debug;
		};
		04FCEF692C0EF71E00FB09B1 /* Release */ = {
			isa = XCBuildConfiguration;
			buildSettings = {
				ALWAYS_SEARCH_USER_PATHS = NO;
				ASSETCATALOG_COMPILER_GENERATE_SWIFT_ASSET_SYMBOL_EXTENSIONS = YES;
				CLANG_ANALYZER_NONNULL = YES;
				CLANG_ANALYZER_NUMBER_OBJECT_CONVERSION = YES_AGGRESSIVE;
				CLANG_CXX_LANGUAGE_STANDARD = "gnu++20";
				CLANG_ENABLE_MODULES = YES;
				CLANG_ENABLE_OBJC_ARC = YES;
				CLANG_ENABLE_OBJC_WEAK = YES;
				CLANG_WARN_BLOCK_CAPTURE_AUTORELEASING = YES;
				CLANG_WARN_BOOL_CONVERSION = YES;
				CLANG_WARN_COMMA = YES;
				CLANG_WARN_CONSTANT_CONVERSION = YES;
				CLANG_WARN_DEPRECATED_OBJC_IMPLEMENTATIONS = YES;
				CLANG_WARN_DIRECT_OBJC_ISA_USAGE = YES_ERROR;
				CLANG_WARN_DOCUMENTATION_COMMENTS = YES;
				CLANG_WARN_EMPTY_BODY = YES;
				CLANG_WARN_ENUM_CONVERSION = YES;
				CLANG_WARN_INFINITE_RECURSION = YES;
				CLANG_WARN_INT_CONVERSION = YES;
				CLANG_WARN_NON_LITERAL_NULL_CONVERSION = YES;
				CLANG_WARN_OBJC_IMPLICIT_RETAIN_SELF = YES;
				CLANG_WARN_OBJC_LITERAL_CONVERSION = YES;
				CLANG_WARN_OBJC_ROOT_CLASS = YES_ERROR;
				CLANG_WARN_QUOTED_INCLUDE_IN_FRAMEWORK_HEADER = YES;
				CLANG_WARN_RANGE_LOOP_ANALYSIS = YES;
				CLANG_WARN_STRICT_PROTOTYPES = YES;
				CLANG_WARN_SUSPICIOUS_MOVE = YES;
				CLANG_WARN_UNGUARDED_AVAILABILITY = YES_AGGRESSIVE;
				CLANG_WARN_UNREACHABLE_CODE = YES;
				CLANG_WARN__DUPLICATE_METHOD_MATCH = YES;
				COPY_PHASE_STRIP = NO;
				DEBUG_INFORMATION_FORMAT = "dwarf-with-dsym";
				ENABLE_NS_ASSERTIONS = NO;
				ENABLE_STRICT_OBJC_MSGSEND = YES;
				ENABLE_USER_SCRIPT_SANDBOXING = YES;
				GCC_C_LANGUAGE_STANDARD = gnu17;
				GCC_NO_COMMON_BLOCKS = YES;
				GCC_WARN_64_TO_32_BIT_CONVERSION = YES;
				GCC_WARN_ABOUT_RETURN_TYPE = YES_ERROR;
				GCC_WARN_UNDECLARED_SELECTOR = YES;
				GCC_WARN_UNINITIALIZED_AUTOS = YES_AGGRESSIVE;
				GCC_WARN_UNUSED_FUNCTION = YES;
				GCC_WARN_UNUSED_VARIABLE = YES;
				IPHONEOS_DEPLOYMENT_TARGET = 17.5;
				LOCALIZATION_PREFERS_STRING_CATALOGS = YES;
				MTL_ENABLE_DEBUG_INFO = NO;
				MTL_FAST_MATH = YES;
				SDKROOT = iphoneos;
				SWIFT_COMPILATION_MODE = wholemodule;
				VALIDATE_PRODUCT = YES;
			};
			name = Release;
		};
		04FCEF6B2C0EF71E00FB09B1 /* Debug */ = {
			isa = XCBuildConfiguration;
			buildSettings = {
				ASSETCATALOG_COMPILER_APPICON_NAME = AppIcon;
				ASSETCATALOG_COMPILER_GLOBAL_ACCENT_COLOR_NAME = AccentColor;
				CODE_SIGN_STYLE = Automatic;
				CURRENT_PROJECT_VERSION = 1;
				GENERATE_INFOPLIST_FILE = YES;
				INFOPLIST_FILE = MoiveGram/Info.plist;
				INFOPLIST_KEY_UIApplicationSupportsIndirectInputEvents = YES;
				INFOPLIST_KEY_UILaunchStoryboardName = LaunchScreen;
				INFOPLIST_KEY_UIMainStoryboardFile = Main;
				INFOPLIST_KEY_UISupportedInterfaceOrientations = UIInterfaceOrientationPortrait;
				INFOPLIST_KEY_UISupportedInterfaceOrientations_iPad = "UIInterfaceOrientationLandscapeLeft UIInterfaceOrientationLandscapeRight UIInterfaceOrientationPortrait UIInterfaceOrientationPortraitUpsideDown";
				IPHONEOS_DEPLOYMENT_TARGET = 16.0;
				LD_RUNPATH_SEARCH_PATHS = (
					"$(inherited)",
					"@executable_path/Frameworks",
				);
				MARKETING_VERSION = 1.0;
				PRODUCT_BUNDLE_IDENTIFIER = com.MoiveGram;
				PRODUCT_NAME = "$(TARGET_NAME)";
				SUPPORTED_PLATFORMS = "iphoneos iphonesimulator";
				SUPPORTS_MACCATALYST = NO;
				SUPPORTS_MAC_DESIGNED_FOR_IPHONE_IPAD = NO;
				SUPPORTS_XR_DESIGNED_FOR_IPHONE_IPAD = NO;
				SWIFT_EMIT_LOC_STRINGS = YES;
				SWIFT_VERSION = 5.0;
				TARGETED_DEVICE_FAMILY = 1;
			};
			name = Debug;
		};
		04FCEF6C2C0EF71E00FB09B1 /* Release */ = {
			isa = XCBuildConfiguration;
			buildSettings = {
				ASSETCATALOG_COMPILER_APPICON_NAME = AppIcon;
				ASSETCATALOG_COMPILER_GLOBAL_ACCENT_COLOR_NAME = AccentColor;
				CODE_SIGN_STYLE = Automatic;
				CURRENT_PROJECT_VERSION = 1;
				GENERATE_INFOPLIST_FILE = YES;
				INFOPLIST_FILE = MoiveGram/Info.plist;
				INFOPLIST_KEY_UIApplicationSupportsIndirectInputEvents = YES;
				INFOPLIST_KEY_UILaunchStoryboardName = LaunchScreen;
				INFOPLIST_KEY_UIMainStoryboardFile = Main;
				INFOPLIST_KEY_UISupportedInterfaceOrientations = UIInterfaceOrientationPortrait;
				INFOPLIST_KEY_UISupportedInterfaceOrientations_iPad = "UIInterfaceOrientationLandscapeLeft UIInterfaceOrientationLandscapeRight UIInterfaceOrientationPortrait UIInterfaceOrientationPortraitUpsideDown";
				IPHONEOS_DEPLOYMENT_TARGET = 16.0;
				LD_RUNPATH_SEARCH_PATHS = (
					"$(inherited)",
					"@executable_path/Frameworks",
				);
				MARKETING_VERSION = 1.0;
				PRODUCT_BUNDLE_IDENTIFIER = com.MoiveGram;
				PRODUCT_NAME = "$(TARGET_NAME)";
				SUPPORTED_PLATFORMS = "iphoneos iphonesimulator";
				SUPPORTS_MACCATALYST = NO;
				SUPPORTS_MAC_DESIGNED_FOR_IPHONE_IPAD = NO;
				SUPPORTS_XR_DESIGNED_FOR_IPHONE_IPAD = NO;
				SWIFT_EMIT_LOC_STRINGS = YES;
				SWIFT_VERSION = 5.0;
				TARGETED_DEVICE_FAMILY = 1;
			};
			name = Release;
		};
/* End XCBuildConfiguration section */

/* Begin XCConfigurationList section */
		04FCEF512C0EF71C00FB09B1 /* Build configuration list for PBXProject "MoiveGram" */ = {
			isa = XCConfigurationList;
			buildConfigurations = (
				04FCEF682C0EF71E00FB09B1 /* Debug */,
				04FCEF692C0EF71E00FB09B1 /* Release */,
			);
			defaultConfigurationIsVisible = 0;
			defaultConfigurationName = Release;
		};
		04FCEF6A2C0EF71E00FB09B1 /* Build configuration list for PBXNativeTarget "MoiveGram" */ = {
			isa = XCConfigurationList;
			buildConfigurations = (
				04FCEF6B2C0EF71E00FB09B1 /* Debug */,
				04FCEF6C2C0EF71E00FB09B1 /* Release */,
			);
			defaultConfigurationIsVisible = 0;
			defaultConfigurationName = Release;
		};
/* End XCConfigurationList section */

/* Begin XCRemoteSwiftPackageReference section */
		0434F3F92C16C50D0079438F /* XCRemoteSwiftPackageReference "Alamofire" */ = {
			isa = XCRemoteSwiftPackageReference;
			repositoryURL = "https://github.com/Alamofire/Alamofire.git";
			requirement = {
				kind = upToNextMajorVersion;
				minimumVersion = 5.9.1;
			};
		};
		0434F40A2C1700150079438F /* XCRemoteSwiftPackageReference "Kingfisher" */ = {
			isa = XCRemoteSwiftPackageReference;
			repositoryURL = "https://github.com/onevcat/Kingfisher.git";
			requirement = {
				kind = upToNextMajorVersion;
				minimumVersion = 7.11.0;
			};
		};
		04FCEF6D2C0EF7B500FB09B1 /* XCRemoteSwiftPackageReference "SnapKit" */ = {
			isa = XCRemoteSwiftPackageReference;
			repositoryURL = "https://github.com/SnapKit/SnapKit.git";
			requirement = {
				kind = upToNextMajorVersion;
				minimumVersion = 5.7.1;
			};
		};
/* End XCRemoteSwiftPackageReference section */

/* Begin XCSwiftPackageProductDependency section */
		0434F3FA2C16C50D0079438F /* Alamofire */ = {
			isa = XCSwiftPackageProductDependency;
			package = 0434F3F92C16C50D0079438F /* XCRemoteSwiftPackageReference "Alamofire" */;
			productName = Alamofire;
		};
		0434F40B2C1700150079438F /* Kingfisher */ = {
			isa = XCSwiftPackageProductDependency;
			package = 0434F40A2C1700150079438F /* XCRemoteSwiftPackageReference "Kingfisher" */;
			productName = Kingfisher;
		};
		04FCEF6E2C0EF7B500FB09B1 /* SnapKit */ = {
			isa = XCSwiftPackageProductDependency;
			package = 04FCEF6D2C0EF7B500FB09B1 /* XCRemoteSwiftPackageReference "SnapKit" */;
			productName = SnapKit;
		};
/* End XCSwiftPackageProductDependency section */
	};
	rootObject = 04FCEF4E2C0EF71C00FB09B1 /* Project object */;
}
